
Microsoft Visual Studio Solution File, Format Version 12.00
# Visual Studio Version 17
VisualStudioVersion = 17.9.34622.214
MinimumVisualStudioVersion = 10.0.40219.1
Project("{9A19103F-16F7-4668-BE54-9A1E7A4F7556}") = "SFaSMS", "SFaSMS.csproj", "{52CAC039-7C0E-4146-9F7E-7F0A56EAEF9A}"
EndProject
Project("{54435603-DBB4-11D2-8724-00A0C9A8B90C}") = "SchoolFeeandStudyingManagementSystem", "..\SchoolFeeandStudyingManagementSystem\SchoolFeeandStudyingManagementSystem.vdproj", "{E11595E2-F56B-4B09-9673-6C869FD9BDA8}"
EndProject
Global
	GlobalSection(SolutionConfigurationPlatforms) = preSolution
		Debug|Any CPU = Debug|Any CPU
		Release|Any CPU = Release|Any CPU
	EndGlobalSection
	GlobalSection(ProjectConfigurationPlatforms) = postSolution
		{52CAC039-7C0E-4146-9F7E-7F0A56EAEF9A}.Debug|Any CPU.ActiveCfg = Debug|Any CPU
		{52CAC039-7C0E-4146-9F7E-7F0A56EAEF9A}.Debug|Any CPU.Build.0 = Debug|Any CPU
		{52CAC039-7C0E-4146-9F7E-7F0A56EAEF9A}.Release|Any CPU.ActiveCfg = Release|Any CPU
		{52CAC039-7C0E-4146-9F7E-7F0A56EAEF9A}.Release|Any CPU.Build.0 = Release|Any CPU
		{E11595E2-F56B-4B09-9673-6C869FD9BDA8}.Debug|Any CPU.ActiveCfg = Debug
		{E11595E2-F56B-4B09-9673-6C869FD9BDA8}.Release|Any CPU.ActiveCfg = Release
	EndGlobalSection
	GlobalSection(SolutionProperties) = preSolution
		HideSolutionNode = FALSE
	EndGlobalSection
	GlobalSection(ExtensibilityGlobals) = postSolution
		SolutionGuid = {73C55F75-20F8-4BF4-BC1A-7F14704178E9}
	EndGlobalSection
EndGlobal
